
Microsoft Visual Studio Solution File, Format Version 12.00
Project("{FAE04EC0-301F-11D3-BF4B-00C04F79EFBC}") = "ElevatorApp", "ElevatorApp.csproj", "{49BC3CBD-AE17-4023-8FFD-F1C9FE92AD5B}"
EndProject
Project("{2150E333-8FDC-42A3-9474-1A3956D46DE8}") = "Solution Items", "Solution Items", "{A69FE530-9619-43F7-BEF9-AEF2EC2570D2}"
	ProjectSection(SolutionItems) = preProject
		docker-compose.yml = docker-compose.yml
	EndProjectSection
EndProject
Project("{FAE04EC0-301F-11D3-BF4B-00C04F79EFBC}") = "Elevator.Lib", "..\Elevator.Lib\Elevator.Lib\Elevator.Lib.csproj", "{C1131BDA-2CD0-4770-B246-C292D7C6EC73}"
EndProject
Project("{FAE04EC0-301F-11D3-BF4B-00C04F79EFBC}") = "Elevator.Tests", "..\Elevator.Tests\Elevator.Tests\Elevator.Tests.csproj", "{36B9A9DF-106A-4555-A3BA-26F18BED705B}"
EndProject
Global
	GlobalSection(SolutionConfigurationPlatforms) = preSolution
		Debug|Any CPU = Debug|Any CPU
		Release|Any CPU = Release|Any CPU
	EndGlobalSection
	GlobalSection(ProjectConfigurationPlatforms) = postSolution
		{49BC3CBD-AE17-4023-8FFD-F1C9FE92AD5B}.Debug|Any CPU.ActiveCfg = Debug|Any CPU
		{49BC3CBD-AE17-4023-8FFD-F1C9FE92AD5B}.Debug|Any CPU.Build.0 = Debug|Any CPU
		{49BC3CBD-AE17-4023-8FFD-F1C9FE92AD5B}.Release|Any CPU.ActiveCfg = Release|Any CPU
		{49BC3CBD-AE17-4023-8FFD-F1C9FE92AD5B}.Release|Any CPU.Build.0 = Release|Any CPU
		{C1131BDA-2CD0-4770-B246-C292D7C6EC73}.Debug|Any CPU.ActiveCfg = Debug|Any CPU
		{C1131BDA-2CD0-4770-B246-C292D7C6EC73}.Debug|Any CPU.Build.0 = Debug|Any CPU
		{C1131BDA-2CD0-4770-B246-C292D7C6EC73}.Release|Any CPU.ActiveCfg = Release|Any CPU
		{C1131BDA-2CD0-4770-B246-C292D7C6EC73}.Release|Any CPU.Build.0 = Release|Any CPU
		{36B9A9DF-106A-4555-A3BA-26F18BED705B}.Debug|Any CPU.ActiveCfg = Debug|Any CPU
		{36B9A9DF-106A-4555-A3BA-26F18BED705B}.Debug|Any CPU.Build.0 = Debug|Any CPU
		{36B9A9DF-106A-4555-A3BA-26F18BED705B}.Release|Any CPU.ActiveCfg = Release|Any CPU
		{36B9A9DF-106A-4555-A3BA-26F18BED705B}.Release|Any CPU.Build.0 = Release|Any CPU
	EndGlobalSection
EndGlobal
